
Microsoft Visual Studio Solution File, Format Version 12.00
Project("{FAE04EC0-301F-11D3-BF4B-00C04F79EFBC}") = "TCP Command Test", "TCP Command Test\TCP Command Test.csproj", "{290B4601-977A-4D64-95AB-51A70CD60E30}"
EndProject
Global
	GlobalSection(SolutionConfigurationPlatforms) = preSolution
		Debug|Any CPU = Debug|Any CPU
		Release|Any CPU = Release|Any CPU
	EndGlobalSection
	GlobalSection(ProjectConfigurationPlatforms) = postSolution
		{290B4601-977A-4D64-95AB-51A70CD60E30}.Debug|Any CPU.ActiveCfg = Debug|Any CPU
		{290B4601-977A-4D64-95AB-51A70CD60E30}.Debug|Any CPU.Build.0 = Debug|Any CPU
		{290B4601-977A-4D64-95AB-51A70CD60E30}.Release|Any CPU.ActiveCfg = Release|Any CPU
		{290B4601-977A-4D64-95AB-51A70CD60E30}.Release|Any CPU.Build.0 = Release|Any CPU
	EndGlobalSection
EndGlobal
